
Microsoft Visual Studio Solution File, Format Version 12.00
# Visual Studio Version 16
VisualStudioVersion = 16.0.29926.136
MinimumVisualStudioVersion = 10.0.40219.1
Project("{9A19103F-16F7-4668-BE54-9A1E7A4F7556}") = "TrackerLibrary", "TrackerLibrary\TrackerLibrary.csproj", "{7F2BC1B7-E47C-46D0-ABC3-6A7B23038900}"
EndProject
Project("{FAE04EC0-301F-11D3-BF4B-00C04F79EFBC}") = "TrackerUI", "TrackerUI\TrackerUI.csproj", "{5580AAD1-245A-430D-BA0F-0DD36117B894}"
EndProject
Project("{FAE04EC0-301F-11D3-BF4B-00C04F79EFBC}") = "WPF_TrackerUI", "WPF_TrackerUI\WPF_TrackerUI.csproj", "{CF1526B5-0D5F-40E9-A933-A924BD4B961F}"
EndProject
Project("{FAE04EC0-301F-11D3-BF4B-00C04F79EFBC}") = "TrackerNetStandLibrary", "TrackerNetStandLibrary\TrackerNetStandLibrary.csproj", "{4E9371DD-A128-45BE-ACB2-4B6AD795EFFB}"
EndProject
Global
	GlobalSection(SolutionConfigurationPlatforms) = preSolution
		Debug|Any CPU = Debug|Any CPU
		Release|Any CPU = Release|Any CPU
	EndGlobalSection
	GlobalSection(ProjectConfigurationPlatforms) = postSolution
		{7F2BC1B7-E47C-46D0-ABC3-6A7B23038900}.Debug|Any CPU.ActiveCfg = Debug|Any CPU
		{7F2BC1B7-E47C-46D0-ABC3-6A7B23038900}.Debug|Any CPU.Build.0 = Debug|Any CPU
		{7F2BC1B7-E47C-46D0-ABC3-6A7B23038900}.Release|Any CPU.ActiveCfg = Release|Any CPU
		{7F2BC1B7-E47C-46D0-ABC3-6A7B23038900}.Release|Any CPU.Build.0 = Release|Any CPU
		{5580AAD1-245A-430D-BA0F-0DD36117B894}.Debug|Any CPU.ActiveCfg = Debug|Any CPU
		{5580AAD1-245A-430D-BA0F-0DD36117B894}.Debug|Any CPU.Build.0 = Debug|Any CPU
		{5580AAD1-245A-430D-BA0F-0DD36117B894}.Release|Any CPU.ActiveCfg = Release|Any CPU
		{5580AAD1-245A-430D-BA0F-0DD36117B894}.Release|Any CPU.Build.0 = Release|Any CPU
		{CF1526B5-0D5F-40E9-A933-A924BD4B961F}.Debug|Any CPU.ActiveCfg = Debug|Any CPU
		{CF1526B5-0D5F-40E9-A933-A924BD4B961F}.Debug|Any CPU.Build.0 = Debug|Any CPU
		{CF1526B5-0D5F-40E9-A933-A924BD4B961F}.Release|Any CPU.ActiveCfg = Release|Any CPU
		{CF1526B5-0D5F-40E9-A933-A924BD4B961F}.Release|Any CPU.Build.0 = Release|Any CPU
		{4E9371DD-A128-45BE-ACB2-4B6AD795EFFB}.Debug|Any CPU.ActiveCfg = Debug|Any CPU
		{4E9371DD-A128-45BE-ACB2-4B6AD795EFFB}.Debug|Any CPU.Build.0 = Debug|Any CPU
		{4E9371DD-A128-45BE-ACB2-4B6AD795EFFB}.Release|Any CPU.ActiveCfg = Release|Any CPU
		{4E9371DD-A128-45BE-ACB2-4B6AD795EFFB}.Release|Any CPU.Build.0 = Release|Any CPU
	EndGlobalSection
	GlobalSection(SolutionProperties) = preSolution
		HideSolutionNode = FALSE
	EndGlobalSection
	GlobalSection(ExtensibilityGlobals) = postSolution
		SolutionGuid = {AF88C588-C68A-41F2-B28D-8193D44A9385}
	EndGlobalSection
EndGlobal
